
Microsoft Visual Studio Solution File, Format Version 12.00
# Visual Studio Version 17
VisualStudioVersion = 17.9.34701.34
MinimumVisualStudioVersion = 10.0.40219.1
Project("{9A19103F-16F7-4668-BE54-9A1E7A4F7556}") = "ClipboardApp", "ClipboardApp\ClipboardApp.csproj", "{AA0C0A47-FEC1-4D89-A619-F02A79C26773}"
EndProject
Project("{9A19103F-16F7-4668-BE54-9A1E7A4F7556}") = "QAChat", "QAChat\QAChat.csproj", "{90586A02-6AD0-4CAD-9E54-A2BAAADBEAB5}"
EndProject
Project("{9A19103F-16F7-4668-BE54-9A1E7A4F7556}") = "WpfAppCommon", "WpfAppCommon\WpfAppCommon.csproj", "{B1307459-BE7E-43A3-8EBB-8B4B0CF42F0E}"
EndProject
Project("{2150E333-8FDC-42A3-9474-1A3956D46DE8}") = "ソリューション項目", "ソリューション項目", "{B731EF66-0D96-487E-BE6E-31E477E09715}"
EndProject
Project("{FAE04EC0-301F-11D3-BF4B-00C04F79EFBC}") = "ScreenshotChecker", "ScreenshotChecker\ScreenshotChecker.csproj", "{1D0B47FD-DC5F-41DB-83C5-91A9FEFC704F}"
EndProject
Global
	GlobalSection(SolutionConfigurationPlatforms) = preSolution
		Debug|Any CPU = Debug|Any CPU
		Release|Any CPU = Release|Any CPU
	EndGlobalSection
	GlobalSection(ProjectConfigurationPlatforms) = postSolution
		{AA0C0A47-FEC1-4D89-A619-F02A79C26773}.Debug|Any CPU.ActiveCfg = Debug|Any CPU
		{AA0C0A47-FEC1-4D89-A619-F02A79C26773}.Debug|Any CPU.Build.0 = Debug|Any CPU
		{AA0C0A47-FEC1-4D89-A619-F02A79C26773}.Release|Any CPU.ActiveCfg = Release|Any CPU
		{AA0C0A47-FEC1-4D89-A619-F02A79C26773}.Release|Any CPU.Build.0 = Release|Any CPU
		{90586A02-6AD0-4CAD-9E54-A2BAAADBEAB5}.Debug|Any CPU.ActiveCfg = Debug|Any CPU
		{90586A02-6AD0-4CAD-9E54-A2BAAADBEAB5}.Debug|Any CPU.Build.0 = Debug|Any CPU
		{90586A02-6AD0-4CAD-9E54-A2BAAADBEAB5}.Release|Any CPU.ActiveCfg = Release|Any CPU
		{90586A02-6AD0-4CAD-9E54-A2BAAADBEAB5}.Release|Any CPU.Build.0 = Release|Any CPU
		{B1307459-BE7E-43A3-8EBB-8B4B0CF42F0E}.Debug|Any CPU.ActiveCfg = Debug|Any CPU
		{B1307459-BE7E-43A3-8EBB-8B4B0CF42F0E}.Debug|Any CPU.Build.0 = Debug|Any CPU
		{B1307459-BE7E-43A3-8EBB-8B4B0CF42F0E}.Release|Any CPU.ActiveCfg = Release|Any CPU
		{B1307459-BE7E-43A3-8EBB-8B4B0CF42F0E}.Release|Any CPU.Build.0 = Release|Any CPU
		{1D0B47FD-DC5F-41DB-83C5-91A9FEFC704F}.Debug|Any CPU.ActiveCfg = Debug|Any CPU
		{1D0B47FD-DC5F-41DB-83C5-91A9FEFC704F}.Debug|Any CPU.Build.0 = Debug|Any CPU
		{1D0B47FD-DC5F-41DB-83C5-91A9FEFC704F}.Release|Any CPU.ActiveCfg = Release|Any CPU
		{1D0B47FD-DC5F-41DB-83C5-91A9FEFC704F}.Release|Any CPU.Build.0 = Release|Any CPU
	EndGlobalSection
	GlobalSection(SolutionProperties) = preSolution
		HideSolutionNode = FALSE
	EndGlobalSection
	GlobalSection(ExtensibilityGlobals) = postSolution
		SolutionGuid = {60E1DA9E-3C60-4419-8A82-84CFEA509464}
	EndGlobalSection
EndGlobal
